
Microsoft Visual Studio Solution File, Format Version 12.00
# Visual Studio Version 17
VisualStudioVersion = 17.0.32126.317
MinimumVisualStudioVersion = 10.0.40219.1
Project("{9A19103F-16F7-4668-BE54-9A1E7A4F7556}") = "CustomSoft.ThreadPool", "src\CustomSoft.ThreadPool\CustomSoft.ThreadPool.csproj", "{1C24BD76-1035-4AD8-94DC-BAFCFC63A730}"
EndProject
Project("{9A19103F-16F7-4668-BE54-9A1E7A4F7556}") = "CustomSoft.WebServer", "src\CustomSoft.WebServer\CustomSoft.WebServer.csproj", "{D80F1401-064B-440A-8961-E24B5AB2B013}"
EndProject
Project("{9A19103F-16F7-4668-BE54-9A1E7A4F7556}") = "CustomSoft.DependencyInjection", "src\CustomSoft.DependencyInjection\CustomSoft.DependencyInjection.csproj", "{0FB2E57A-23D7-4E05-9D4E-2FA97BCD528D}"
EndProject
Project("{9A19103F-16F7-4668-BE54-9A1E7A4F7556}") = "CustomSoft.DemoServer", "demo\CustomSoft.DemoServer\CustomSoft.DemoServer.csproj", "{D1F5E5EF-5DA7-40A1-934D-8D56148412B2}"
EndProject
Project("{FAE04EC0-301F-11D3-BF4B-00C04F79EFBC}") = "CustomSoft.DependencyInjection.Tests", "tests\CustomSoft.DependencyInjection.Tests\CustomSoft.DependencyInjection.Tests.csproj", "{EC96225C-9F75-498B-AF66-99ED03137115}"
EndProject
Project("{2150E333-8FDC-42A3-9474-1A3956D46DE8}") = "tests", "tests", "{95F09413-E0E2-4CA2-9093-8A807B217334}"
EndProject
Project("{2150E333-8FDC-42A3-9474-1A3956D46DE8}") = "src", "src", "{2C36B7DE-113F-41DE-BD4D-3DED5B85BB88}"
EndProject
Global
	GlobalSection(SolutionConfigurationPlatforms) = preSolution
		Debug|Any CPU = Debug|Any CPU
		Release|Any CPU = Release|Any CPU
	EndGlobalSection
	GlobalSection(ProjectConfigurationPlatforms) = postSolution
		{1C24BD76-1035-4AD8-94DC-BAFCFC63A730}.Debug|Any CPU.ActiveCfg = Debug|Any CPU
		{1C24BD76-1035-4AD8-94DC-BAFCFC63A730}.Debug|Any CPU.Build.0 = Debug|Any CPU
		{1C24BD76-1035-4AD8-94DC-BAFCFC63A730}.Release|Any CPU.ActiveCfg = Release|Any CPU
		{1C24BD76-1035-4AD8-94DC-BAFCFC63A730}.Release|Any CPU.Build.0 = Release|Any CPU
		{D80F1401-064B-440A-8961-E24B5AB2B013}.Debug|Any CPU.ActiveCfg = Debug|Any CPU
		{D80F1401-064B-440A-8961-E24B5AB2B013}.Debug|Any CPU.Build.0 = Debug|Any CPU
		{D80F1401-064B-440A-8961-E24B5AB2B013}.Release|Any CPU.ActiveCfg = Release|Any CPU
		{D80F1401-064B-440A-8961-E24B5AB2B013}.Release|Any CPU.Build.0 = Release|Any CPU
		{0FB2E57A-23D7-4E05-9D4E-2FA97BCD528D}.Debug|Any CPU.ActiveCfg = Debug|Any CPU
		{0FB2E57A-23D7-4E05-9D4E-2FA97BCD528D}.Debug|Any CPU.Build.0 = Debug|Any CPU
		{0FB2E57A-23D7-4E05-9D4E-2FA97BCD528D}.Release|Any CPU.ActiveCfg = Release|Any CPU
		{0FB2E57A-23D7-4E05-9D4E-2FA97BCD528D}.Release|Any CPU.Build.0 = Release|Any CPU
		{D1F5E5EF-5DA7-40A1-934D-8D56148412B2}.Debug|Any CPU.ActiveCfg = Debug|Any CPU
		{D1F5E5EF-5DA7-40A1-934D-8D56148412B2}.Debug|Any CPU.Build.0 = Debug|Any CPU
		{D1F5E5EF-5DA7-40A1-934D-8D56148412B2}.Release|Any CPU.ActiveCfg = Release|Any CPU
		{D1F5E5EF-5DA7-40A1-934D-8D56148412B2}.Release|Any CPU.Build.0 = Release|Any CPU
		{EC96225C-9F75-498B-AF66-99ED03137115}.Debug|Any CPU.ActiveCfg = Debug|Any CPU
		{EC96225C-9F75-498B-AF66-99ED03137115}.Debug|Any CPU.Build.0 = Debug|Any CPU
		{EC96225C-9F75-498B-AF66-99ED03137115}.Release|Any CPU.ActiveCfg = Release|Any CPU
		{EC96225C-9F75-498B-AF66-99ED03137115}.Release|Any CPU.Build.0 = Release|Any CPU
	EndGlobalSection
	GlobalSection(SolutionProperties) = preSolution
		HideSolutionNode = FALSE
	EndGlobalSection
	GlobalSection(NestedProjects) = preSolution
		{1C24BD76-1035-4AD8-94DC-BAFCFC63A730} = {2C36B7DE-113F-41DE-BD4D-3DED5B85BB88}
		{D80F1401-064B-440A-8961-E24B5AB2B013} = {2C36B7DE-113F-41DE-BD4D-3DED5B85BB88}
		{0FB2E57A-23D7-4E05-9D4E-2FA97BCD528D} = {2C36B7DE-113F-41DE-BD4D-3DED5B85BB88}
		{EC96225C-9F75-498B-AF66-99ED03137115} = {95F09413-E0E2-4CA2-9093-8A807B217334}
	EndGlobalSection
	GlobalSection(ExtensibilityGlobals) = postSolution
		SolutionGuid = {AC4DF808-AA29-46A5-8E38-2921F2AB34B5}
	EndGlobalSection
EndGlobal
